
Microsoft Visual Studio Solution File, Format Version 12.00
# Visual Studio Version 17
VisualStudioVersion = 17.1.32319.34
MinimumVisualStudioVersion = 10.0.40219.1
Project("{9A19103F-16F7-4668-BE54-9A1E7A4F7556}") = "eShopSolution.WebApp", "eShopSolution.WebApp\eShopSolution.WebApp.csproj", "{453DE61F-6445-4CEF-92F5-D514ECB14E8A}"
EndProject
Project("{9A19103F-16F7-4668-BE54-9A1E7A4F7556}") = "eShopSolution.Data", "eShopSolution.Data\eShopSolution.Data.csproj", "{9ECFB8D5-1288-4F17-9FA0-67F907F073C5}"
EndProject
Project("{9A19103F-16F7-4668-BE54-9A1E7A4F7556}") = "eShopSolution.Application", "eShopSolution.ApplicationService\eShopSolution.Application.csproj", "{3291115C-AB6F-4EFF-984C-6F30920D91FE}"
EndProject
Project("{FAE04EC0-301F-11D3-BF4B-00C04F79EFBC}") = "eShopSolutionUtilities", "eShopSolutionUtilities\eShopSolutionUtilities.csproj", "{A6DADB17-64B9-45D8-9C57-143B3491A0BE}"
EndProject
Global
	GlobalSection(SolutionConfigurationPlatforms) = preSolution
		Debug|Any CPU = Debug|Any CPU
		Release|Any CPU = Release|Any CPU
	EndGlobalSection
	GlobalSection(ProjectConfigurationPlatforms) = postSolution
		{453DE61F-6445-4CEF-92F5-D514ECB14E8A}.Debug|Any CPU.ActiveCfg = Debug|Any CPU
		{453DE61F-6445-4CEF-92F5-D514ECB14E8A}.Debug|Any CPU.Build.0 = Debug|Any CPU
		{453DE61F-6445-4CEF-92F5-D514ECB14E8A}.Release|Any CPU.ActiveCfg = Release|Any CPU
		{453DE61F-6445-4CEF-92F5-D514ECB14E8A}.Release|Any CPU.Build.0 = Release|Any CPU
		{9ECFB8D5-1288-4F17-9FA0-67F907F073C5}.Debug|Any CPU.ActiveCfg = Debug|Any CPU
		{9ECFB8D5-1288-4F17-9FA0-67F907F073C5}.Debug|Any CPU.Build.0 = Debug|Any CPU
		{9ECFB8D5-1288-4F17-9FA0-67F907F073C5}.Release|Any CPU.ActiveCfg = Release|Any CPU
		{9ECFB8D5-1288-4F17-9FA0-67F907F073C5}.Release|Any CPU.Build.0 = Release|Any CPU
		{3291115C-AB6F-4EFF-984C-6F30920D91FE}.Debug|Any CPU.ActiveCfg = Debug|Any CPU
		{3291115C-AB6F-4EFF-984C-6F30920D91FE}.Debug|Any CPU.Build.0 = Debug|Any CPU
		{3291115C-AB6F-4EFF-984C-6F30920D91FE}.Release|Any CPU.ActiveCfg = Release|Any CPU
		{3291115C-AB6F-4EFF-984C-6F30920D91FE}.Release|Any CPU.Build.0 = Release|Any CPU
		{A6DADB17-64B9-45D8-9C57-143B3491A0BE}.Debug|Any CPU.ActiveCfg = Debug|Any CPU
		{A6DADB17-64B9-45D8-9C57-143B3491A0BE}.Debug|Any CPU.Build.0 = Debug|Any CPU
		{A6DADB17-64B9-45D8-9C57-143B3491A0BE}.Release|Any CPU.ActiveCfg = Release|Any CPU
		{A6DADB17-64B9-45D8-9C57-143B3491A0BE}.Release|Any CPU.Build.0 = Release|Any CPU
	EndGlobalSection
	GlobalSection(SolutionProperties) = preSolution
		HideSolutionNode = FALSE
	EndGlobalSection
	GlobalSection(ExtensibilityGlobals) = postSolution
		SolutionGuid = {D24513D7-4D81-4FC7-9106-0B129AE09850}
	EndGlobalSection
EndGlobal
